
Microsoft Visual Studio Solution File, Format Version 12.00
# Visual Studio Version 17
VisualStudioVersion = 17.10.35122.118
MinimumVisualStudioVersion = 10.0.40219.1
Project("{9A19103F-16F7-4668-BE54-9A1E7A4F7556}") = "DAIRemote", "DAIRemote.csproj", "{9456FC49-EB42-4F08-A5A6-ED49E7DA37AB}"
EndProject
Project("{9A19103F-16F7-4668-BE54-9A1E7A4F7556}") = "DisplayProfileManager", "..\DisplayProfileManager\DisplayProfileManager.csproj", "{244E9C8F-2C20-4E79-882C-CF57043146A0}"
	ProjectSection(ProjectDependencies) = postProject
		{B1064153-2065-4F28-BD20-409DAF3FEB21} = {B1064153-2065-4F28-BD20-409DAF3FEB21}
	EndProjectSection
EndProject
Project("{9A19103F-16F7-4668-BE54-9A1E7A4F7556}") = "AudioManager", "..\AudioManager\AudioManager.csproj", "{B1064153-2065-4F28-BD20-409DAF3FEB21}"
EndProject
Project("{9A19103F-16F7-4668-BE54-9A1E7A4F7556}") = "UDPServerManager", "..\UDPServerManager\UDPServerManager.csproj", "{AC67661C-671A-44FD-AD35-8309399DAA00}"
EndProject
Project("{2150E333-8FDC-42A3-9474-1A3956D46DE8}") = "Solution Items", "Solution Items", "{B7A054D4-A4A2-47F7-9DCC-ED47BF2EACEA}"
	ProjectSection(SolutionItems) = preProject
		.editorconfig = .editorconfig
	EndProjectSection
EndProject
Project("{9A19103F-16F7-4668-BE54-9A1E7A4F7556}") = "DAIRemote.tests", "..\DAIRemote.tests\DAIRemote.tests.csproj", "{8DAD0E0C-7D08-4456-8B26-F81D668A9C2D}"
EndProject
Global
	GlobalSection(SolutionConfigurationPlatforms) = preSolution
		Debug|x64 = Debug|x64
		Release|x64 = Release|x64
	EndGlobalSection
	GlobalSection(ProjectConfigurationPlatforms) = postSolution
		{9456FC49-EB42-4F08-A5A6-ED49E7DA37AB}.Debug|x64.ActiveCfg = Debug|x64
		{9456FC49-EB42-4F08-A5A6-ED49E7DA37AB}.Debug|x64.Build.0 = Debug|x64
		{9456FC49-EB42-4F08-A5A6-ED49E7DA37AB}.Release|x64.ActiveCfg = Release|x64
		{9456FC49-EB42-4F08-A5A6-ED49E7DA37AB}.Release|x64.Build.0 = Release|x64
		{244E9C8F-2C20-4E79-882C-CF57043146A0}.Debug|x64.ActiveCfg = Debug|x64
		{244E9C8F-2C20-4E79-882C-CF57043146A0}.Debug|x64.Build.0 = Debug|x64
		{244E9C8F-2C20-4E79-882C-CF57043146A0}.Release|x64.ActiveCfg = Release|x64
		{244E9C8F-2C20-4E79-882C-CF57043146A0}.Release|x64.Build.0 = Release|x64
		{B1064153-2065-4F28-BD20-409DAF3FEB21}.Debug|x64.ActiveCfg = Debug|x64
		{B1064153-2065-4F28-BD20-409DAF3FEB21}.Debug|x64.Build.0 = Debug|x64
		{B1064153-2065-4F28-BD20-409DAF3FEB21}.Release|x64.ActiveCfg = Release|x64
		{B1064153-2065-4F28-BD20-409DAF3FEB21}.Release|x64.Build.0 = Release|x64
		{AC67661C-671A-44FD-AD35-8309399DAA00}.Debug|x64.ActiveCfg = Debug|x64
		{AC67661C-671A-44FD-AD35-8309399DAA00}.Debug|x64.Build.0 = Debug|x64
		{AC67661C-671A-44FD-AD35-8309399DAA00}.Release|x64.ActiveCfg = Release|x64
		{AC67661C-671A-44FD-AD35-8309399DAA00}.Release|x64.Build.0 = Release|x64
		{8DAD0E0C-7D08-4456-8B26-F81D668A9C2D}.Debug|x64.ActiveCfg = Debug|x64
		{8DAD0E0C-7D08-4456-8B26-F81D668A9C2D}.Debug|x64.Build.0 = Debug|x64
		{8DAD0E0C-7D08-4456-8B26-F81D668A9C2D}.Release|x64.ActiveCfg = Release|x64
		{8DAD0E0C-7D08-4456-8B26-F81D668A9C2D}.Release|x64.Build.0 = Release|x64
	EndGlobalSection
	GlobalSection(SolutionProperties) = preSolution
		HideSolutionNode = FALSE
	EndGlobalSection
	GlobalSection(ExtensibilityGlobals) = postSolution
		SolutionGuid = {9EE47A12-0111-45AF-BE81-EC2E8E3245FF}
	EndGlobalSection
EndGlobal
